// !$*UTF8*$!
{
	archiveVersion = 1;
	classes = {
	};
	objectVersion = 56;
	objects = {

/* Begin PBXBuildFile section */
		97392B85AA20DF45CFD48640 /* Pods_Systems_Orange_Assignment_Systems_Orange_AssignmentUITests.framework in Frameworks */ = {isa = PBXBuildFile; fileRef = 6996B05643B8CA208E00F897 /* Pods_Systems_Orange_Assignment_Systems_Orange_AssignmentUITests.framework */; };
		C29445B5AEAEC5A792520AF3 /* Pods_Systems_Orange_AssignmentTests.framework in Frameworks */ = {isa = PBXBuildFile; fileRef = 8C8DADB86461F2C1B581819F /* Pods_Systems_Orange_AssignmentTests.framework */; };
		D336F210EEE3E8CD840426F6 /* Pods_Systems_Orange_Assignment.framework in Frameworks */ = {isa = PBXBuildFile; fileRef = 9CBBC63403CCD6E5072A5AB5 /* Pods_Systems_Orange_Assignment.framework */; };
		F51F79B72AF403EA00B18F62 /* AppDelegate.swift in Sources */ = {isa = PBXBuildFile; fileRef = F51F79B62AF403EA00B18F62 /* AppDelegate.swift */; };
		F51F79BB2AF403EA00B18F62 /* MoviesListViewController.swift in Sources */ = {isa = PBXBuildFile; fileRef = F51F79BA2AF403EA00B18F62 /* MoviesListViewController.swift */; };
		F51F79BE2AF403EA00B18F62 /* Main.storyboard in Resources */ = {isa = PBXBuildFile; fileRef = F51F79BC2AF403EA00B18F62 /* Main.storyboard */; };
		F51F79C02AF403EB00B18F62 /* Assets.xcassets in Resources */ = {isa = PBXBuildFile; fileRef = F51F79BF2AF403EB00B18F62 /* Assets.xcassets */; };
		F51F79C32AF403EB00B18F62 /* LaunchScreen.storyboard in Resources */ = {isa = PBXBuildFile; fileRef = F51F79C12AF403EB00B18F62 /* LaunchScreen.storyboard */; };
		F51F79CE2AF403EB00B18F62 /* Systems_Orange_AssignmentTests.swift in Sources */ = {isa = PBXBuildFile; fileRef = F51F79CD2AF403EB00B18F62 /* Systems_Orange_AssignmentTests.swift */; };
		F51F79D82AF403EB00B18F62 /* Systems_Orange_AssignmentUITests.swift in Sources */ = {isa = PBXBuildFile; fileRef = F51F79D72AF403EB00B18F62 /* Systems_Orange_AssignmentUITests.swift */; };
		F51F79DA2AF403EB00B18F62 /* Systems_Orange_AssignmentUITestsLaunchTests.swift in Sources */ = {isa = PBXBuildFile; fileRef = F51F79D92AF403EB00B18F62 /* Systems_Orange_AssignmentUITestsLaunchTests.swift */; };
		F51F79F82AF48A8700B18F62 /* MoviesListInterfaces.swift in Sources */ = {isa = PBXBuildFile; fileRef = F51F79F72AF48A8700B18F62 /* MoviesListInterfaces.swift */; };
		F51F7A042AF523B300B18F62 /* MoviesLocalRepo.swift in Sources */ = {isa = PBXBuildFile; fileRef = F51F7A032AF523B300B18F62 /* MoviesLocalRepo.swift */; };
		F51F7A062AF523C200B18F62 /* MoviesLocalDataManager.swift in Sources */ = {isa = PBXBuildFile; fileRef = F51F7A052AF523C200B18F62 /* MoviesLocalDataManager.swift */; };
		F51F7A082AF523E100B18F62 /* MoviesRemoteRepo.swift in Sources */ = {isa = PBXBuildFile; fileRef = F51F7A072AF523E100B18F62 /* MoviesRemoteRepo.swift */; };
		F51F7A0A2AF5244000B18F62 /* MoviesRemoteDataManager.swift in Sources */ = {isa = PBXBuildFile; fileRef = F51F7A092AF5244000B18F62 /* MoviesRemoteDataManager.swift */; };
		F51F7A0C2AF5247A00B18F62 /* MoviesListInteractor.swift in Sources */ = {isa = PBXBuildFile; fileRef = F51F7A0B2AF5247A00B18F62 /* MoviesListInteractor.swift */; };
		F51F7A0E2AF524BD00B18F62 /* MoviesListRouter.swift in Sources */ = {isa = PBXBuildFile; fileRef = F51F7A0D2AF524BD00B18F62 /* MoviesListRouter.swift */; };
		F51F7AA22AF5253900B18F62 /* AppAlert.swift in Sources */ = {isa = PBXBuildFile; fileRef = F51F7A3B2AF5253900B18F62 /* AppAlert.swift */; };
		F51F7AA32AF5253900B18F62 /* CustomPullForScroll.swift in Sources */ = {isa = PBXBuildFile; fileRef = F51F7A3C2AF5253900B18F62 /* CustomPullForScroll.swift */; };
		F51F7AAA2AF5253900B18F62 /* KingfisherBridge.swift in Sources */ = {isa = PBXBuildFile; fileRef = F51F7A472AF5253900B18F62 /* KingfisherBridge.swift */; };
		F51F7AAC2AF5253900B18F62 /* ProgressHudBridge.swift in Sources */ = {isa = PBXBuildFile; fileRef = F51F7A492AF5253900B18F62 /* ProgressHudBridge.swift */; };
		F51F7AAF2AF5253900B18F62 /* IQKeyboardBridge.swift in Sources */ = {isa = PBXBuildFile; fileRef = F51F7A4D2AF5253900B18F62 /* IQKeyboardBridge.swift */; };
		F51F7AB72AF5253900B18F62 /* ESBridge.swift in Sources */ = {isa = PBXBuildFile; fileRef = F51F7A562AF5253900B18F62 /* ESBridge.swift */; };
		F51F7ABE2AF5253900B18F62 /* AppGlobalStrings.swift in Sources */ = {isa = PBXBuildFile; fileRef = F51F7A612AF5253900B18F62 /* AppGlobalStrings.swift */; };
		F51F7ABF2AF5253900B18F62 /* AppLoading.swift in Sources */ = {isa = PBXBuildFile; fileRef = F51F7A622AF5253900B18F62 /* AppLoading.swift */; };
		F51F7ADF2AF5431300B18F62 /* URLs.swift in Sources */ = {isa = PBXBuildFile; fileRef = F51F7ADE2AF5431300B18F62 /* URLs.swift */; };
		F51F7B092AF545C600B18F62 /* SwiftMessageBridge.swift in Sources */ = {isa = PBXBuildFile; fileRef = F51F7B082AF545C600B18F62 /* SwiftMessageBridge.swift */; };
		F51F7B2C2AF546C300B18F62 /* AlmofireRequest.swift in Sources */ = {isa = PBXBuildFile; fileRef = F51F7B172AF546C300B18F62 /* AlmofireRequest.swift */; };
		F51F7B2D2AF546C300B18F62 /* Empty.swift in Sources */ = {isa = PBXBuildFile; fileRef = F51F7B192AF546C300B18F62 /* Empty.swift */; };
		F51F7B302AF546C300B18F62 /* RequestMethod.swift in Sources */ = {isa = PBXBuildFile; fileRef = F51F7B1C2AF546C300B18F62 /* RequestMethod.swift */; };
		F51F7B322AF546C300B18F62 /* RequestType.swift in Sources */ = {isa = PBXBuildFile; fileRef = F51F7B1E2AF546C300B18F62 /* RequestType.swift */; };
		F51F7B332AF546C300B18F62 /* NetworkError.swift in Sources */ = {isa = PBXBuildFile; fileRef = F51F7B1F2AF546C300B18F62 /* NetworkError.swift */; };
		F51F7B342AF546C300B18F62 /* DictinaryPathValue.swift in Sources */ = {isa = PBXBuildFile; fileRef = F51F7B202AF546C300B18F62 /* DictinaryPathValue.swift */; };
		F51F7B352AF546C300B18F62 /* AlmofireResponse.swift in Sources */ = {isa = PBXBuildFile; fileRef = F51F7B212AF546C300B18F62 /* AlmofireResponse.swift */; };
		F51F7B382AF546C300B18F62 /* URL+QueryItem.swift in Sources */ = {isa = PBXBuildFile; fileRef = F51F7B252AF546C300B18F62 /* URL+QueryItem.swift */; };
		F51F7B392AF546C300B18F62 /* Data+Converter.swift in Sources */ = {isa = PBXBuildFile; fileRef = F51F7B262AF546C300B18F62 /* Data+Converter.swift */; };
		F51F7B3A2AF546C300B18F62 /* NetworkAdministration.swift in Sources */ = {isa = PBXBuildFile; fileRef = F51F7B272AF546C300B18F62 /* NetworkAdministration.swift */; };
		F51F7B3E2AF54FA900B18F62 /* MoviesListPresenter.swift in Sources */ = {isa = PBXBuildFile; fileRef = F51F7B3D2AF54FA900B18F62 /* MoviesListPresenter.swift */; };
		F51F7B422AF5582700B18F62 /* MoviesInOut.swift in Sources */ = {isa = PBXBuildFile; fileRef = F51F7B412AF5582700B18F62 /* MoviesInOut.swift */; };
		F51F7B452AF5599A00B18F62 /* RError.swift in Sources */ = {isa = PBXBuildFile; fileRef = F51F7B442AF5599900B18F62 /* RError.swift */; };
		F51F7B4B2AF5919C00B18F62 /* BasePresenter.swift in Sources */ = {isa = PBXBuildFile; fileRef = F51F7B482AF5919C00B18F62 /* BasePresenter.swift */; };
		F51F7B4C2AF5919C00B18F62 /* BaseViewProtocol.swift in Sources */ = {isa = PBXBuildFile; fileRef = F51F7B492AF5919C00B18F62 /* BaseViewProtocol.swift */; };
		F51F7B502AF5A1DB00B18F62 /* movies.json in Resources */ = {isa = PBXBuildFile; fileRef = F51F7B4F2AF5A1DB00B18F62 /* movies.json */; };
		F51F7B522AF66ECB00B18F62 /* MovieModel.swift in Sources */ = {isa = PBXBuildFile; fileRef = F51F7B512AF66ECB00B18F62 /* MovieModel.swift */; };
		F51F7B542AF6B86600B18F62 /* CategoryModel.swift in Sources */ = {isa = PBXBuildFile; fileRef = F51F7B532AF6B86500B18F62 /* CategoryModel.swift */; };
		F51F7B5C2AF6B9C300B18F62 /* PageHeaderView.xib in Resources */ = {isa = PBXBuildFile; fileRef = F51F7B582AF6B9C300B18F62 /* PageHeaderView.xib */; };
		F51F7B5D2AF6B9C300B18F62 /* PageHeaderView.swift in Sources */ = {isa = PBXBuildFile; fileRef = F51F7B5A2AF6B9C300B18F62 /* PageHeaderView.swift */; };
		F51F7B602AF6BCC800B18F62 /* UIView+AddTapGesture.swift in Sources */ = {isa = PBXBuildFile; fileRef = F51F7B5F2AF6BCC800B18F62 /* UIView+AddTapGesture.swift */; };
		F51F7B6A2AF6BE8E00B18F62 /* CustomTextField.swift in Sources */ = {isa = PBXBuildFile; fileRef = F51F7B682AF6BE8E00B18F62 /* CustomTextField.swift */; };
		F51F7B6B2AF6BE8E00B18F62 /* CustomTextField.xib in Resources */ = {isa = PBXBuildFile; fileRef = F51F7B692AF6BE8E00B18F62 /* CustomTextField.xib */; };
		F51F7B6D2AF6C47F00B18F62 /* UIView+Borders.swift in Sources */ = {isa = PBXBuildFile; fileRef = F51F7B6C2AF6C47F00B18F62 /* UIView+Borders.swift */; };
		F51F7B752AF6D16800B18F62 /* MovieDetailstInteractor.swift in Sources */ = {isa = PBXBuildFile; fileRef = F51F7B6F2AF6D16800B18F62 /* MovieDetailstInteractor.swift */; };
		F51F7B762AF6D16800B18F62 /* MovieDetailsViewController.swift in Sources */ = {isa = PBXBuildFile; fileRef = F51F7B702AF6D16800B18F62 /* MovieDetailsViewController.swift */; };
		F51F7B772AF6D16800B18F62 /* MovieDetailsPresenter.swift in Sources */ = {isa = PBXBuildFile; fileRef = F51F7B712AF6D16800B18F62 /* MovieDetailsPresenter.swift */; };
		F51F7B782AF6D16800B18F62 /* MovieDetailsRouter.swift in Sources */ = {isa = PBXBuildFile; fileRef = F51F7B722AF6D16800B18F62 /* MovieDetailsRouter.swift */; };
		F51F7B792AF6D16800B18F62 /* MovieDetailsInterfaces.swift in Sources */ = {isa = PBXBuildFile; fileRef = F51F7B742AF6D16800B18F62 /* MovieDetailsInterfaces.swift */; };
		F51F7B7B2AF6DCC600B18F62 /* MoviesPhotosResponse.swift in Sources */ = {isa = PBXBuildFile; fileRef = F51F7B7A2AF6DCC500B18F62 /* MoviesPhotosResponse.swift */; };
		F51F7B7E2AF6DDF000B18F62 /* GetPhotoRequest.swift in Sources */ = {isa = PBXBuildFile; fileRef = F51F7B7D2AF6DDF000B18F62 /* GetPhotoRequest.swift */; };
		F51F7B862AF6FC3300B18F62 /* UIViewImage+SetImage.swift in Sources */ = {isa = PBXBuildFile; fileRef = F51F7B852AF6FC3300B18F62 /* UIViewImage+SetImage.swift */; };
		F51F7B882AF6FE9500B18F62 /* UICollectionView+FitHeght.swift in Sources */ = {isa = PBXBuildFile; fileRef = F51F7B872AF6FE9500B18F62 /* UICollectionView+FitHeght.swift */; };
		F51F7B8A2AF7042C00B18F62 /* ApiConstants.swift in Sources */ = {isa = PBXBuildFile; fileRef = F51F7B892AF7042C00B18F62 /* ApiConstants.swift */; };
		F51F7B8F2AF70AD800B18F62 /* String+ArabicNum.swift in Sources */ = {isa = PBXBuildFile; fileRef = F51F7B8E2AF70AD800B18F62 /* String+ArabicNum.swift */; };
		F51F7B912AF70C2F00B18F62 /* ImageUrlConstructor.swift in Sources */ = {isa = PBXBuildFile; fileRef = F51F7B902AF70C2F00B18F62 /* ImageUrlConstructor.swift */; };
		F568E5F12AF7345700D40C88 /* PhotoCell.swift in Sources */ = {isa = PBXBuildFile; fileRef = F568E5EF2AF7345700D40C88 /* PhotoCell.swift */; };
		F568E5F22AF7345700D40C88 /* PhotoCell.xib in Resources */ = {isa = PBXBuildFile; fileRef = F568E5F02AF7345700D40C88 /* PhotoCell.xib */; };
		F568E5F62AF7A37000D40C88 /* MovieViewModel.swift in Sources */ = {isa = PBXBuildFile; fileRef = F568E5F52AF7A37000D40C88 /* MovieViewModel.swift */; };
/* End PBXBuildFile section */

/* Begin PBXContainerItemProxy section */
		F51F79CA2AF403EB00B18F62 /* PBXContainerItemProxy */ = {
			isa = PBXContainerItemProxy;
			containerPortal = F51F79AB2AF403EA00B18F62 /* Project object */;
			proxyType = 1;
			remoteGlobalIDString = F51F79B22AF403EA00B18F62;
			remoteInfo = "Systems-Orange Assignment";
		};
		F51F79D42AF403EB00B18F62 /* PBXContainerItemProxy */ = {
			isa = PBXContainerItemProxy;
			containerPortal = F51F79AB2AF403EA00B18F62 /* Project object */;
			proxyType = 1;
			remoteGlobalIDString = F51F79B22AF403EA00B18F62;
			remoteInfo = "Systems-Orange Assignment";
		};
/* End PBXContainerItemProxy section */

/* Begin PBXFileReference section */
		1FCA2D1D7F5B5C1458E4B8BD /* Pods-Systems-Orange Assignment.release.xcconfig */ = {isa = PBXFileReference; includeInIndex = 1; lastKnownFileType = text.xcconfig; name = "Pods-Systems-Orange Assignment.release.xcconfig"; path = "Target Support Files/Pods-Systems-Orange Assignment/Pods-Systems-Orange Assignment.release.xcconfig"; sourceTree = "<group>"; };
		217EED648979DEB39B74F9C9 /* Pods-Systems-Orange Assignment-Systems-Orange AssignmentUITests.release.xcconfig */ = {isa = PBXFileReference; includeInIndex = 1; lastKnownFileType = text.xcconfig; name = "Pods-Systems-Orange Assignment-Systems-Orange AssignmentUITests.release.xcconfig"; path = "Target Support Files/Pods-Systems-Orange Assignment-Systems-Orange AssignmentUITests/Pods-Systems-Orange Assignment-Systems-Orange AssignmentUITests.release.xcconfig"; sourceTree = "<group>"; };
		5DE159EC1D48A15682021447 /* Pods-Systems-Orange Assignment-Systems-Orange AssignmentUITests.debug.xcconfig */ = {isa = PBXFileReference; includeInIndex = 1; lastKnownFileType = text.xcconfig; name = "Pods-Systems-Orange Assignment-Systems-Orange AssignmentUITests.debug.xcconfig"; path = "Target Support Files/Pods-Systems-Orange Assignment-Systems-Orange AssignmentUITests/Pods-Systems-Orange Assignment-Systems-Orange AssignmentUITests.debug.xcconfig"; sourceTree = "<group>"; };
		5DE2483991035EA06A370D49 /* Pods-Systems-Orange AssignmentTests.debug.xcconfig */ = {isa = PBXFileReference; includeInIndex = 1; lastKnownFileType = text.xcconfig; name = "Pods-Systems-Orange AssignmentTests.debug.xcconfig"; path = "Target Support Files/Pods-Systems-Orange AssignmentTests/Pods-Systems-Orange AssignmentTests.debug.xcconfig"; sourceTree = "<group>"; };
		6996B05643B8CA208E00F897 /* Pods_Systems_Orange_Assignment_Systems_Orange_AssignmentUITests.framework */ = {isa = PBXFileReference; explicitFileType = wrapper.framework; includeInIndex = 0; path = Pods_Systems_Orange_Assignment_Systems_Orange_AssignmentUITests.framework; sourceTree = BUILT_PRODUCTS_DIR; };
		8886E2DFCCB6E6A1D8465CBE /* Pods-Systems-Orange Assignment.debug.xcconfig */ = {isa = PBXFileReference; includeInIndex = 1; lastKnownFileType = text.xcconfig; name = "Pods-Systems-Orange Assignment.debug.xcconfig"; path = "Target Support Files/Pods-Systems-Orange Assignment/Pods-Systems-Orange Assignment.debug.xcconfig"; sourceTree = "<group>"; };
		8C8DADB86461F2C1B581819F /* Pods_Systems_Orange_AssignmentTests.framework */ = {isa = PBXFileReference; explicitFileType = wrapper.framework; includeInIndex = 0; path = Pods_Systems_Orange_AssignmentTests.framework; sourceTree = BUILT_PRODUCTS_DIR; };
		9CBBC63403CCD6E5072A5AB5 /* Pods_Systems_Orange_Assignment.framework */ = {isa = PBXFileReference; explicitFileType = wrapper.framework; includeInIndex = 0; path = Pods_Systems_Orange_Assignment.framework; sourceTree = BUILT_PRODUCTS_DIR; };
		B36E9359CC04766A5973B17F /* Pods-Systems-Orange AssignmentTests.release.xcconfig */ = {isa = PBXFileReference; includeInIndex = 1; lastKnownFileType = text.xcconfig; name = "Pods-Systems-Orange AssignmentTests.release.xcconfig"; path = "Target Support Files/Pods-Systems-Orange AssignmentTests/Pods-Systems-Orange AssignmentTests.release.xcconfig"; sourceTree = "<group>"; };
		F51F79B32AF403EA00B18F62 /* Systems-Orange Assignment.app */ = {isa = PBXFileReference; explicitFileType = wrapper.application; includeInIndex = 0; path = "Systems-Orange Assignment.app"; sourceTree = BUILT_PRODUCTS_DIR; };
		F51F79B62AF403EA00B18F62 /* AppDelegate.swift */ = {isa = PBXFileReference; lastKnownFileType = sourcecode.swift; path = AppDelegate.swift; sourceTree = "<group>"; };
		F51F79BA2AF403EA00B18F62 /* MoviesListViewController.swift */ = {isa = PBXFileReference; lastKnownFileType = sourcecode.swift; path = MoviesListViewController.swift; sourceTree = "<group>"; };
		F51F79BD2AF403EA00B18F62 /* Base */ = {isa = PBXFileReference; lastKnownFileType = file.storyboard; name = Base; path = Base.lproj/Main.storyboard; sourceTree = "<group>"; };
		F51F79BF2AF403EB00B18F62 /* Assets.xcassets */ = {isa = PBXFileReference; lastKnownFileType = folder.assetcatalog; path = Assets.xcassets; sourceTree = "<group>"; };
		F51F79C22AF403EB00B18F62 /* Base */ = {isa = PBXFileReference; lastKnownFileType = file.storyboard; name = Base; path = Base.lproj/LaunchScreen.storyboard; sourceTree = "<group>"; };
		F51F79C42AF403EB00B18F62 /* Info.plist */ = {isa = PBXFileReference; lastKnownFileType = text.plist.xml; path = Info.plist; sourceTree = "<group>"; };
		F51F79C92AF403EB00B18F62 /* Systems-Orange AssignmentTests.xctest */ = {isa = PBXFileReference; explicitFileType = wrapper.cfbundle; includeInIndex = 0; path = "Systems-Orange AssignmentTests.xctest"; sourceTree = BUILT_PRODUCTS_DIR; };
		F51F79CD2AF403EB00B18F62 /* Systems_Orange_AssignmentTests.swift */ = {isa = PBXFileReference; lastKnownFileType = sourcecode.swift; path = Systems_Orange_AssignmentTests.swift; sourceTree = "<group>"; };
		F51F79D32AF403EB00B18F62 /* Systems-Orange AssignmentUITests.xctest */ = {isa = PBXFileReference; explicitFileType = wrapper.cfbundle; includeInIndex = 0; path = "Systems-Orange AssignmentUITests.xctest"; sourceTree = BUILT_PRODUCTS_DIR; };
		F51F79D72AF403EB00B18F62 /* Systems_Orange_AssignmentUITests.swift */ = {isa = PBXFileReference; lastKnownFileType = sourcecode.swift; path = Systems_Orange_AssignmentUITests.swift; sourceTree = "<group>"; };
		F51F79D92AF403EB00B18F62 /* Systems_Orange_AssignmentUITestsLaunchTests.swift */ = {isa = PBXFileReference; lastKnownFileType = sourcecode.swift; path = Systems_Orange_AssignmentUITestsLaunchTests.swift; sourceTree = "<group>"; };
		F51F79F72AF48A8700B18F62 /* MoviesListInterfaces.swift */ = {isa = PBXFileReference; lastKnownFileType = sourcecode.swift; path = MoviesListInterfaces.swift; sourceTree = "<group>"; };
		F51F7A032AF523B300B18F62 /* MoviesLocalRepo.swift */ = {isa = PBXFileReference; lastKnownFileType = sourcecode.swift; path = MoviesLocalRepo.swift; sourceTree = "<group>"; };
		F51F7A052AF523C200B18F62 /* MoviesLocalDataManager.swift */ = {isa = PBXFileReference; lastKnownFileType = sourcecode.swift; path = MoviesLocalDataManager.swift; sourceTree = "<group>"; };
		F51F7A072AF523E100B18F62 /* MoviesRemoteRepo.swift */ = {isa = PBXFileReference; lastKnownFileType = sourcecode.swift; path = MoviesRemoteRepo.swift; sourceTree = "<group>"; };
		F51F7A092AF5244000B18F62 /* MoviesRemoteDataManager.swift */ = {isa = PBXFileReference; lastKnownFileType = sourcecode.swift; path = MoviesRemoteDataManager.swift; sourceTree = "<group>"; };
		F51F7A0B2AF5247A00B18F62 /* MoviesListInteractor.swift */ = {isa = PBXFileReference; lastKnownFileType = sourcecode.swift; path = MoviesListInteractor.swift; sourceTree = "<group>"; };
		F51F7A0D2AF524BD00B18F62 /* MoviesListRouter.swift */ = {isa = PBXFileReference; lastKnownFileType = sourcecode.swift; path = MoviesListRouter.swift; sourceTree = "<group>"; };
		F51F7A3B2AF5253900B18F62 /* AppAlert.swift */ = {isa = PBXFileReference; fileEncoding = 4; lastKnownFileType = sourcecode.swift; path = AppAlert.swift; sourceTree = "<group>"; };
		F51F7A3C2AF5253900B18F62 /* CustomPullForScroll.swift */ = {isa = PBXFileReference; fileEncoding = 4; lastKnownFileType = sourcecode.swift; path = CustomPullForScroll.swift; sourceTree = "<group>"; };
		F51F7A472AF5253900B18F62 /* KingfisherBridge.swift */ = {isa = PBXFileReference; fileEncoding = 4; lastKnownFileType = sourcecode.swift; path = KingfisherBridge.swift; sourceTree = "<group>"; };
		F51F7A492AF5253900B18F62 /* ProgressHudBridge.swift */ = {isa = PBXFileReference; fileEncoding = 4; lastKnownFileType = sourcecode.swift; path = ProgressHudBridge.swift; sourceTree = "<group>"; };
		F51F7A4D2AF5253900B18F62 /* IQKeyboardBridge.swift */ = {isa = PBXFileReference; fileEncoding = 4; lastKnownFileType = sourcecode.swift; path = IQKeyboardBridge.swift; sourceTree = "<group>"; };
		F51F7A562AF5253900B18F62 /* ESBridge.swift */ = {isa = PBXFileReference; fileEncoding = 4; lastKnownFileType = sourcecode.swift; path = ESBridge.swift; sourceTree = "<group>"; };
		F51F7A612AF5253900B18F62 /* AppGlobalStrings.swift */ = {isa = PBXFileReference; fileEncoding = 4; lastKnownFileType = sourcecode.swift; path = AppGlobalStrings.swift; sourceTree = "<group>"; };
		F51F7A622AF5253900B18F62 /* AppLoading.swift */ = {isa = PBXFileReference; fileEncoding = 4; lastKnownFileType = sourcecode.swift; path = AppLoading.swift; sourceTree = "<group>"; };
		F51F7ADE2AF5431300B18F62 /* URLs.swift */ = {isa = PBXFileReference; fileEncoding = 4; lastKnownFileType = sourcecode.swift; path = URLs.swift; sourceTree = "<group>"; };
		F51F7B082AF545C600B18F62 /* SwiftMessageBridge.swift */ = {isa = PBXFileReference; fileEncoding = 4; lastKnownFileType = sourcecode.swift; path = SwiftMessageBridge.swift; sourceTree = "<group>"; };
		F51F7B172AF546C300B18F62 /* AlmofireRequest.swift */ = {isa = PBXFileReference; fileEncoding = 4; lastKnownFileType = sourcecode.swift; path = AlmofireRequest.swift; sourceTree = "<group>"; };
		F51F7B192AF546C300B18F62 /* Empty.swift */ = {isa = PBXFileReference; fileEncoding = 4; lastKnownFileType = sourcecode.swift; path = Empty.swift; sourceTree = "<group>"; };
		F51F7B1C2AF546C300B18F62 /* RequestMethod.swift */ = {isa = PBXFileReference; fileEncoding = 4; lastKnownFileType = sourcecode.swift; path = RequestMethod.swift; sourceTree = "<group>"; };
		F51F7B1E2AF546C300B18F62 /* RequestType.swift */ = {isa = PBXFileReference; fileEncoding = 4; lastKnownFileType = sourcecode.swift; path = RequestType.swift; sourceTree = "<group>"; };
		F51F7B1F2AF546C300B18F62 /* NetworkError.swift */ = {isa = PBXFileReference; fileEncoding = 4; lastKnownFileType = sourcecode.swift; path = NetworkError.swift; sourceTree = "<group>"; };
		F51F7B202AF546C300B18F62 /* DictinaryPathValue.swift */ = {isa = PBXFileReference; fileEncoding = 4; lastKnownFileType = sourcecode.swift; path = DictinaryPathValue.swift; sourceTree = "<group>"; };
		F51F7B212AF546C300B18F62 /* AlmofireResponse.swift */ = {isa = PBXFileReference; fileEncoding = 4; lastKnownFileType = sourcecode.swift; path = AlmofireResponse.swift; sourceTree = "<group>"; };
		F51F7B252AF546C300B18F62 /* URL+QueryItem.swift */ = {isa = PBXFileReference; fileEncoding = 4; lastKnownFileType = sourcecode.swift; path = "URL+QueryItem.swift"; sourceTree = "<group>"; };
		F51F7B262AF546C300B18F62 /* Data+Converter.swift */ = {isa = PBXFileReference; fileEncoding = 4; lastKnownFileType = sourcecode.swift; path = "Data+Converter.swift"; sourceTree = "<group>"; };
		F51F7B272AF546C300B18F62 /* NetworkAdministration.swift */ = {isa = PBXFileReference; fileEncoding = 4; lastKnownFileType = sourcecode.swift; path = NetworkAdministration.swift; sourceTree = "<group>"; };
		F51F7B3D2AF54FA900B18F62 /* MoviesListPresenter.swift */ = {isa = PBXFileReference; lastKnownFileType = sourcecode.swift; path = MoviesListPresenter.swift; sourceTree = "<group>"; };
		F51F7B412AF5582700B18F62 /* MoviesInOut.swift */ = {isa = PBXFileReference; lastKnownFileType = sourcecode.swift; path = MoviesInOut.swift; sourceTree = "<group>"; };
		F51F7B442AF5599900B18F62 /* RError.swift */ = {isa = PBXFileReference; fileEncoding = 4; lastKnownFileType = sourcecode.swift; path = RError.swift; sourceTree = "<group>"; };
		F51F7B482AF5919C00B18F62 /* BasePresenter.swift */ = {isa = PBXFileReference; fileEncoding = 4; lastKnownFileType = sourcecode.swift; path = BasePresenter.swift; sourceTree = "<group>"; };
		F51F7B492AF5919C00B18F62 /* BaseViewProtocol.swift */ = {isa = PBXFileReference; fileEncoding = 4; lastKnownFileType = sourcecode.swift; path = BaseViewProtocol.swift; sourceTree = "<group>"; };
		F51F7B4F2AF5A1DB00B18F62 /* movies.json */ = {isa = PBXFileReference; fileEncoding = 4; lastKnownFileType = text.json; path = movies.json; sourceTree = "<group>"; };
		F51F7B512AF66ECB00B18F62 /* MovieModel.swift */ = {isa = PBXFileReference; fileEncoding = 4; lastKnownFileType = sourcecode.swift; path = MovieModel.swift; sourceTree = "<group>"; };
		F51F7B532AF6B86500B18F62 /* CategoryModel.swift */ = {isa = PBXFileReference; lastKnownFileType = sourcecode.swift; path = CategoryModel.swift; sourceTree = "<group>"; };
		F51F7B592AF6B9C300B18F62 /* Base */ = {isa = PBXFileReference; lastKnownFileType = file.xib; name = Base; path = Base.lproj/PageHeaderView.xib; sourceTree = "<group>"; };
		F51F7B5A2AF6B9C300B18F62 /* PageHeaderView.swift */ = {isa = PBXFileReference; fileEncoding = 4; lastKnownFileType = sourcecode.swift; path = PageHeaderView.swift; sourceTree = "<group>"; };
		F51F7B5F2AF6BCC800B18F62 /* UIView+AddTapGesture.swift */ = {isa = PBXFileReference; lastKnownFileType = sourcecode.swift; path = "UIView+AddTapGesture.swift"; sourceTree = "<group>"; };
		F51F7B682AF6BE8E00B18F62 /* CustomTextField.swift */ = {isa = PBXFileReference; fileEncoding = 4; lastKnownFileType = sourcecode.swift; path = CustomTextField.swift; sourceTree = "<group>"; };
		F51F7B692AF6BE8E00B18F62 /* CustomTextField.xib */ = {isa = PBXFileReference; fileEncoding = 4; lastKnownFileType = file.xib; path = CustomTextField.xib; sourceTree = "<group>"; };
		F51F7B6C2AF6C47F00B18F62 /* UIView+Borders.swift */ = {isa = PBXFileReference; lastKnownFileType = sourcecode.swift; path = "UIView+Borders.swift"; sourceTree = "<group>"; };
		F51F7B6F2AF6D16800B18F62 /* MovieDetailstInteractor.swift */ = {isa = PBXFileReference; fileEncoding = 4; lastKnownFileType = sourcecode.swift; path = MovieDetailstInteractor.swift; sourceTree = "<group>"; };
		F51F7B702AF6D16800B18F62 /* MovieDetailsViewController.swift */ = {isa = PBXFileReference; fileEncoding = 4; lastKnownFileType = sourcecode.swift; path = MovieDetailsViewController.swift; sourceTree = "<group>"; };
		F51F7B712AF6D16800B18F62 /* MovieDetailsPresenter.swift */ = {isa = PBXFileReference; fileEncoding = 4; lastKnownFileType = sourcecode.swift; path = MovieDetailsPresenter.swift; sourceTree = "<group>"; };
		F51F7B722AF6D16800B18F62 /* MovieDetailsRouter.swift */ = {isa = PBXFileReference; fileEncoding = 4; lastKnownFileType = sourcecode.swift; path = MovieDetailsRouter.swift; sourceTree = "<group>"; };
		F51F7B742AF6D16800B18F62 /* MovieDetailsInterfaces.swift */ = {isa = PBXFileReference; fileEncoding = 4; lastKnownFileType = sourcecode.swift; path = MovieDetailsInterfaces.swift; sourceTree = "<group>"; };
		F51F7B7A2AF6DCC500B18F62 /* MoviesPhotosResponse.swift */ = {isa = PBXFileReference; fileEncoding = 4; lastKnownFileType = sourcecode.swift; path = MoviesPhotosResponse.swift; sourceTree = "<group>"; };
		F51F7B7D2AF6DDF000B18F62 /* GetPhotoRequest.swift */ = {isa = PBXFileReference; lastKnownFileType = sourcecode.swift; path = GetPhotoRequest.swift; sourceTree = "<group>"; };
		F51F7B852AF6FC3300B18F62 /* UIViewImage+SetImage.swift */ = {isa = PBXFileReference; lastKnownFileType = sourcecode.swift; path = "UIViewImage+SetImage.swift"; sourceTree = "<group>"; };
		F51F7B872AF6FE9500B18F62 /* UICollectionView+FitHeght.swift */ = {isa = PBXFileReference; lastKnownFileType = sourcecode.swift; path = "UICollectionView+FitHeght.swift"; sourceTree = "<group>"; };
		F51F7B892AF7042C00B18F62 /* ApiConstants.swift */ = {isa = PBXFileReference; lastKnownFileType = sourcecode.swift; path = ApiConstants.swift; sourceTree = "<group>"; };
		F51F7B8C2AF7065D00B18F62 /* ApiConstants.swift */ = {isa = PBXFileReference; lastKnownFileType = sourcecode.swift; path = ApiConstants.swift; sourceTree = "<group>"; };
		F51F7B8D2AF7065D00B18F62 /* URLs.swift */ = {isa = PBXFileReference; lastKnownFileType = sourcecode.swift; path = URLs.swift; sourceTree = "<group>"; };
		F51F7B8E2AF70AD800B18F62 /* String+ArabicNum.swift */ = {isa = PBXFileReference; fileEncoding = 4; lastKnownFileType = sourcecode.swift; path = "String+ArabicNum.swift"; sourceTree = "<group>"; };
		F51F7B902AF70C2F00B18F62 /* ImageUrlConstructor.swift */ = {isa = PBXFileReference; lastKnownFileType = sourcecode.swift; path = ImageUrlConstructor.swift; sourceTree = "<group>"; };
		F568E5EF2AF7345700D40C88 /* PhotoCell.swift */ = {isa = PBXFileReference; lastKnownFileType = sourcecode.swift; path = PhotoCell.swift; sourceTree = "<group>"; };
		F568E5F02AF7345700D40C88 /* PhotoCell.xib */ = {isa = PBXFileReference; lastKnownFileType = file.xib; path = PhotoCell.xib; sourceTree = "<group>"; };
		F568E5F52AF7A37000D40C88 /* MovieViewModel.swift */ = {isa = PBXFileReference; lastKnownFileType = sourcecode.swift; path = MovieViewModel.swift; sourceTree = "<group>"; };
/* End PBXFileReference section */

/* Begin PBXFrameworksBuildPhase section */
		F51F79B02AF403EA00B18F62 /* Frameworks */ = {
			isa = PBXFrameworksBuildPhase;
			buildActionMask = 2147483647;
			files = (
				D336F210EEE3E8CD840426F6 /* Pods_Systems_Orange_Assignment.framework in Frameworks */,
			);
			runOnlyForDeploymentPostprocessing = 0;
		};
		F51F79C62AF403EB00B18F62 /* Frameworks */ = {
			isa = PBXFrameworksBuildPhase;
			buildActionMask = 2147483647;
			files = (
				C29445B5AEAEC5A792520AF3 /* Pods_Systems_Orange_AssignmentTests.framework in Frameworks */,
			);
			runOnlyForDeploymentPostprocessing = 0;
		};
		F51F79D02AF403EB00B18F62 /* Frameworks */ = {
			isa = PBXFrameworksBuildPhase;
			buildActionMask = 2147483647;
			files = (
				97392B85AA20DF45CFD48640 /* Pods_Systems_Orange_Assignment_Systems_Orange_AssignmentUITests.framework in Frameworks */,
			);
			runOnlyForDeploymentPostprocessing = 0;
		};
/* End PBXFrameworksBuildPhase section */

/* Begin PBXGroup section */
		76461E98AF8B3FDE0B7781C3 /* Frameworks */ = {
			isa = PBXGroup;
			children = (
				9CBBC63403CCD6E5072A5AB5 /* Pods_Systems_Orange_Assignment.framework */,
				6996B05643B8CA208E00F897 /* Pods_Systems_Orange_Assignment_Systems_Orange_AssignmentUITests.framework */,
				8C8DADB86461F2C1B581819F /* Pods_Systems_Orange_AssignmentTests.framework */,
			);
			name = Frameworks;
			sourceTree = "<group>";
		};
		B49BDE1DAFED81E77D8C270D /* Pods */ = {
			isa = PBXGroup;
			children = (
				8886E2DFCCB6E6A1D8465CBE /* Pods-Systems-Orange Assignment.debug.xcconfig */,
				1FCA2D1D7F5B5C1458E4B8BD /* Pods-Systems-Orange Assignment.release.xcconfig */,
				5DE159EC1D48A15682021447 /* Pods-Systems-Orange Assignment-Systems-Orange AssignmentUITests.debug.xcconfig */,
				217EED648979DEB39B74F9C9 /* Pods-Systems-Orange Assignment-Systems-Orange AssignmentUITests.release.xcconfig */,
				5DE2483991035EA06A370D49 /* Pods-Systems-Orange AssignmentTests.debug.xcconfig */,
				B36E9359CC04766A5973B17F /* Pods-Systems-Orange AssignmentTests.release.xcconfig */,
			);
			path = Pods;
			sourceTree = "<group>";
		};
		F51F79AA2AF403EA00B18F62 = {
			isa = PBXGroup;
			children = (
				F51F79B52AF403EA00B18F62 /* Systems-Orange Assignment */,
				F51F79CC2AF403EB00B18F62 /* Systems-Orange AssignmentTests */,
				F51F79D62AF403EB00B18F62 /* Systems-Orange AssignmentUITests */,
				F51F79B42AF403EA00B18F62 /* Products */,
				B49BDE1DAFED81E77D8C270D /* Pods */,
				76461E98AF8B3FDE0B7781C3 /* Frameworks */,
			);
			sourceTree = "<group>";
		};
		F51F79B42AF403EA00B18F62 /* Products */ = {
			isa = PBXGroup;
			children = (
				F51F79B32AF403EA00B18F62 /* Systems-Orange Assignment.app */,
				F51F79C92AF403EB00B18F62 /* Systems-Orange AssignmentTests.xctest */,
				F51F79D32AF403EB00B18F62 /* Systems-Orange AssignmentUITests.xctest */,
			);
			name = Products;
			sourceTree = "<group>";
		};
		F51F79B52AF403EA00B18F62 /* Systems-Orange Assignment */ = {
			isa = PBXGroup;
			children = (
				F51F7B4F2AF5A1DB00B18F62 /* movies.json */,
				F51F79C42AF403EB00B18F62 /* Info.plist */,
				F51F79E62AF47C3900B18F62 /* Application */,
				F51F7A102AF5253900B18F62 /* Infrastructure */,
				F51F79E82AF47C7900B18F62 /* Data */,
				F51F79E92AF47C8200B18F62 /* Domain */,
				F51F79EA2AF47C8F00B18F62 /* Presentation */,
				F51F79E72AF47C5900B18F62 /* Resources */,
			);
			path = "Systems-Orange Assignment";
			sourceTree = "<group>";
		};
		F51F79CC2AF403EB00B18F62 /* Systems-Orange AssignmentTests */ = {
			isa = PBXGroup;
			children = (
				F51F79CD2AF403EB00B18F62 /* Systems_Orange_AssignmentTests.swift */,
			);
			path = "Systems-Orange AssignmentTests";
			sourceTree = "<group>";
		};
		F51F79D62AF403EB00B18F62 /* Systems-Orange AssignmentUITests */ = {
			isa = PBXGroup;
			children = (
				F51F79D72AF403EB00B18F62 /* Systems_Orange_AssignmentUITests.swift */,
				F51F79D92AF403EB00B18F62 /* Systems_Orange_AssignmentUITestsLaunchTests.swift */,
			);
			path = "Systems-Orange AssignmentUITests";
			sourceTree = "<group>";
		};
		F51F79E62AF47C3900B18F62 /* Application */ = {
			isa = PBXGroup;
			children = (
				F51F79B62AF403EA00B18F62 /* AppDelegate.swift */,
			);
			path = Application;
			sourceTree = "<group>";
		};
		F51F79E72AF47C5900B18F62 /* Resources */ = {
			isa = PBXGroup;
			children = (
				F51F79BF2AF403EB00B18F62 /* Assets.xcassets */,
			);
			path = Resources;
			sourceTree = "<group>";
		};
		F51F79E82AF47C7900B18F62 /* Data */ = {
			isa = PBXGroup;
			children = (
				F51F7A002AF5148B00B18F62 /* Local */,
				F51F79FF2AF5148100B18F62 /* Remote */,
			);
			path = Data;
			sourceTree = "<group>";
		};
		F51F79E92AF47C8200B18F62 /* Domain */ = {
			isa = PBXGroup;
			children = (
				F51F7B432AF5599000B18F62 /* Base */,
				F51F7B7C2AF6DDA100B18F62 /* RequestsModel */,
				F51F7B3F2AF5554100B18F62 /* RepoUseCases */,
				F51F79EB2AF4846900B18F62 /* Entities */,
			);
			path = Domain;
			sourceTree = "<group>";
		};
		F51F79EA2AF47C8F00B18F62 /* Presentation */ = {
			isa = PBXGroup;
			children = (
				F51F7B462AF5919C00B18F62 /* Base */,
				F51F79EE2AF485A800B18F62 /* Scenes */,
				F51F79ED2AF485A200B18F62 /* UI */,
			);
			path = Presentation;
			sourceTree = "<group>";
		};
		F51F79EB2AF4846900B18F62 /* Entities */ = {
			isa = PBXGroup;
			children = (
				F51F7B512AF66ECB00B18F62 /* MovieModel.swift */,
				F51F7B532AF6B86500B18F62 /* CategoryModel.swift */,
				F51F7B7A2AF6DCC500B18F62 /* MoviesPhotosResponse.swift */,
				F568E5F52AF7A37000D40C88 /* MovieViewModel.swift */,
			);
			path = Entities;
			sourceTree = "<group>";
		};
		F51F79ED2AF485A200B18F62 /* UI */ = {
			isa = PBXGroup;
			children = (
				F568E5F42AF7391400D40C88 /* Storyboards */,
				F51F7B932AF7336200B18F62 /* Nib */,
				F51F7B5E2AF6B9DB00B18F62 /* Components */,
			);
			path = UI;
			sourceTree = "<group>";
		};
		F51F79EE2AF485A800B18F62 /* Scenes */ = {
			isa = PBXGroup;
			children = (
				F51F79F12AF485C400B18F62 /* MoviesList */,
				F51F7B6E2AF6D16800B18F62 /* MovieDetails */,
			);
			path = Scenes;
			sourceTree = "<group>";
		};
		F51F79F12AF485C400B18F62 /* MoviesList */ = {
			isa = PBXGroup;
			children = (
				F51F79BA2AF403EA00B18F62 /* MoviesListViewController.swift */,
				F51F7A0B2AF5247A00B18F62 /* MoviesListInteractor.swift */,
				F51F7A0D2AF524BD00B18F62 /* MoviesListRouter.swift */,
				F51F7B3D2AF54FA900B18F62 /* MoviesListPresenter.swift */,
				F51F79F72AF48A8700B18F62 /* MoviesListInterfaces.swift */,
			);
			path = MoviesList;
			sourceTree = "<group>";
		};
		F51F79FC2AF5114400B18F62 /* MoviesRepo */ = {
			isa = PBXGroup;
			children = (
				F51F7A052AF523C200B18F62 /* MoviesLocalDataManager.swift */,
			);
			path = MoviesRepo;
			sourceTree = "<group>";
		};
		F51F79FF2AF5148100B18F62 /* Remote */ = {
			isa = PBXGroup;
			children = (
				F51F7A012AF5149B00B18F62 /* MoviesRepo */,
			);
			path = Remote;
			sourceTree = "<group>";
		};
		F51F7A002AF5148B00B18F62 /* Local */ = {
			isa = PBXGroup;
			children = (
				F51F79FC2AF5114400B18F62 /* MoviesRepo */,
			);
			path = Local;
			sourceTree = "<group>";
		};
		F51F7A012AF5149B00B18F62 /* MoviesRepo */ = {
			isa = PBXGroup;
			children = (
				F51F7A092AF5244000B18F62 /* MoviesRemoteDataManager.swift */,
			);
			path = MoviesRepo;
			sourceTree = "<group>";
		};
		F51F7A102AF5253900B18F62 /* Infrastructure */ = {
			isa = PBXGroup;
			children = (
				F51F7B152AF546C300B18F62 /* Repo */,
				F51F7A112AF5253900B18F62 /* Extension */,
				F51F7A332AF5253900B18F62 /* Utils */,
			);
			path = Infrastructure;
			sourceTree = "<group>";
		};
		F51F7A112AF5253900B18F62 /* Extension */ = {
			isa = PBXGroup;
			children = (
				F51F7B5F2AF6BCC800B18F62 /* UIView+AddTapGesture.swift */,
				F51F7B6C2AF6C47F00B18F62 /* UIView+Borders.swift */,
				F51F7B852AF6FC3300B18F62 /* UIViewImage+SetImage.swift */,
				F51F7B872AF6FE9500B18F62 /* UICollectionView+FitHeght.swift */,
			);
			path = Extension;
			sourceTree = "<group>";
		};
		F51F7A332AF5253900B18F62 /* Utils */ = {
			isa = PBXGroup;
			children = (
				F51F7B902AF70C2F00B18F62 /* ImageUrlConstructor.swift */,
				F51F7B892AF7042C00B18F62 /* ApiConstants.swift */,
				F51F7ADE2AF5431300B18F62 /* URLs.swift */,
				F51F7A622AF5253900B18F62 /* AppLoading.swift */,
				F51F7A612AF5253900B18F62 /* AppGlobalStrings.swift */,
				F51F7A3B2AF5253900B18F62 /* AppAlert.swift */,
				F51F7A3C2AF5253900B18F62 /* CustomPullForScroll.swift */,
				F51F7A432AF5253900B18F62 /* lib */,
			);
			path = Utils;
			sourceTree = "<group>";
		};
		F51F7A432AF5253900B18F62 /* lib */ = {
			isa = PBXGroup;
			children = (
				F51F7A462AF5253900B18F62 /* UI Classes */,
			);
			path = lib;
			sourceTree = "<group>";
		};
		F51F7A462AF5253900B18F62 /* UI Classes */ = {
			isa = PBXGroup;
			children = (
				F51F7B082AF545C600B18F62 /* SwiftMessageBridge.swift */,
				F51F7A472AF5253900B18F62 /* KingfisherBridge.swift */,
				F51F7A492AF5253900B18F62 /* ProgressHudBridge.swift */,
				F51F7A4D2AF5253900B18F62 /* IQKeyboardBridge.swift */,
				F51F7A562AF5253900B18F62 /* ESBridge.swift */,
			);
			path = "UI Classes";
			sourceTree = "<group>";
		};
		F51F7B152AF546C300B18F62 /* Repo */ = {
			isa = PBXGroup;
			children = (
				F51F7B8B2AF7065300B18F62 /* Constatnt */,
				F51F7B162AF546C300B18F62 /* Network */,
			);
			name = Repo;
			path = ../../../Infrastructure/Repo;
			sourceTree = "<group>";
		};
		F51F7B162AF546C300B18F62 /* Network */ = {
			isa = PBXGroup;
			children = (
				F51F7B272AF546C300B18F62 /* NetworkAdministration.swift */,
				F51F7B212AF546C300B18F62 /* AlmofireResponse.swift */,
				F51F7B172AF546C300B18F62 /* AlmofireRequest.swift */,
				F51F7B232AF546C300B18F62 /* Helpers */,
			);
			path = Network;
			sourceTree = "<group>";
		};
		F51F7B232AF546C300B18F62 /* Helpers */ = {
			isa = PBXGroup;
			children = (
				F51F7B8E2AF70AD800B18F62 /* String+ArabicNum.swift */,
				F51F7B192AF546C300B18F62 /* Empty.swift */,
				F51F7B1C2AF546C300B18F62 /* RequestMethod.swift */,
				F51F7B1E2AF546C300B18F62 /* RequestType.swift */,
				F51F7B1F2AF546C300B18F62 /* NetworkError.swift */,
				F51F7B202AF546C300B18F62 /* DictinaryPathValue.swift */,
				F51F7B252AF546C300B18F62 /* URL+QueryItem.swift */,
				F51F7B262AF546C300B18F62 /* Data+Converter.swift */,
			);
			path = Helpers;
			sourceTree = "<group>";
		};
		F51F7B3F2AF5554100B18F62 /* RepoUseCases */ = {
			isa = PBXGroup;
			children = (
				F51F7B402AF5554A00B18F62 /* MoviesUseCases */,
			);
			path = RepoUseCases;
			sourceTree = "<group>";
		};
		F51F7B402AF5554A00B18F62 /* MoviesUseCases */ = {
			isa = PBXGroup;
			children = (
				F51F7A072AF523E100B18F62 /* MoviesRemoteRepo.swift */,
				F51F7A032AF523B300B18F62 /* MoviesLocalRepo.swift */,
				F51F7B412AF5582700B18F62 /* MoviesInOut.swift */,
			);
			path = MoviesUseCases;
			sourceTree = "<group>";
		};
		F51F7B432AF5599000B18F62 /* Base */ = {
			isa = PBXGroup;
			children = (
				F51F7B442AF5599900B18F62 /* RError.swift */,
			);
			path = Base;
			sourceTree = "<group>";
		};
		F51F7B462AF5919C00B18F62 /* Base */ = {
			isa = PBXGroup;
			children = (
				F51F7B482AF5919C00B18F62 /* BasePresenter.swift */,
				F51F7B492AF5919C00B18F62 /* BaseViewProtocol.swift */,
			);
			path = Base;
			sourceTree = "<group>";
		};
		F51F7B552AF6B9C300B18F62 /* PageHeaderView */ = {
			isa = PBXGroup;
			children = (
				F51F7B582AF6B9C300B18F62 /* PageHeaderView.xib */,
				F51F7B5A2AF6B9C300B18F62 /* PageHeaderView.swift */,
			);
			path = PageHeaderView;
			sourceTree = "<group>";
		};
		F51F7B5E2AF6B9DB00B18F62 /* Components */ = {
			isa = PBXGroup;
			children = (
				F51F7B672AF6BE8E00B18F62 /* CustomTextField */,
				F51F7B552AF6B9C300B18F62 /* PageHeaderView */,
			);
			path = Components;
			sourceTree = "<group>";
		};
		F51F7B672AF6BE8E00B18F62 /* CustomTextField */ = {
			isa = PBXGroup;
			children = (
				F51F7B682AF6BE8E00B18F62 /* CustomTextField.swift */,
				F51F7B692AF6BE8E00B18F62 /* CustomTextField.xib */,
			);
			path = CustomTextField;
			sourceTree = "<group>";
		};
		F51F7B6E2AF6D16800B18F62 /* MovieDetails */ = {
			isa = PBXGroup;
			children = (
				F51F7B702AF6D16800B18F62 /* MovieDetailsViewController.swift */,
				F51F7B6F2AF6D16800B18F62 /* MovieDetailstInteractor.swift */,
				F51F7B712AF6D16800B18F62 /* MovieDetailsPresenter.swift */,
				F51F7B722AF6D16800B18F62 /* MovieDetailsRouter.swift */,
				F51F7B742AF6D16800B18F62 /* MovieDetailsInterfaces.swift */,
			);
			path = MovieDetails;
			sourceTree = "<group>";
		};
		F51F7B7C2AF6DDA100B18F62 /* RequestsModel */ = {
			isa = PBXGroup;
			children = (
				F51F7B7F2AF6DEA900B18F62 /* Movies */,
			);
			path = RequestsModel;
			sourceTree = "<group>";
		};
		F51F7B7F2AF6DEA900B18F62 /* Movies */ = {
			isa = PBXGroup;
			children = (
				F51F7B7D2AF6DDF000B18F62 /* GetPhotoRequest.swift */,
			);
			path = Movies;
			sourceTree = "<group>";
		};
		F51F7B8B2AF7065300B18F62 /* Constatnt */ = {
			isa = PBXGroup;
			children = (
				F51F7B8C2AF7065D00B18F62 /* ApiConstants.swift */,
				F51F7B8D2AF7065D00B18F62 /* URLs.swift */,
			);
			path = Constatnt;
			sourceTree = "<group>";
		};
		F51F7B922AF7334F00B18F62 /* PhotoCell */ = {
			isa = PBXGroup;
			children = (
				F568E5EF2AF7345700D40C88 /* PhotoCell.swift */,
				F568E5F02AF7345700D40C88 /* PhotoCell.xib */,
			);
			path = PhotoCell;
			sourceTree = "<group>";
		};
		F51F7B932AF7336200B18F62 /* Nib */ = {
			isa = PBXGroup;
			children = (
				F568E5F32AF7346100D40C88 /* CollectionCell */,
			);
			path = Nib;
			sourceTree = "<group>";
		};
		F568E5F32AF7346100D40C88 /* CollectionCell */ = {
			isa = PBXGroup;
			children = (
				F51F7B922AF7334F00B18F62 /* PhotoCell */,
			);
			path = CollectionCell;
			sourceTree = "<group>";
		};
		F568E5F42AF7391400D40C88 /* Storyboards */ = {
			isa = PBXGroup;
			children = (
				F51F79C12AF403EB00B18F62 /* LaunchScreen.storyboard */,
				F51F79BC2AF403EA00B18F62 /* Main.storyboard */,
			);
			path = Storyboards;
			sourceTree = "<group>";
		};
/* End PBXGroup section */

/* Begin PBXNativeTarget section */
		F51F79B22AF403EA00B18F62 /* Systems-Orange Assignment */ = {
			isa = PBXNativeTarget;
			buildConfigurationList = F51F79DD2AF403EB00B18F62 /* Build configuration list for PBXNativeTarget "Systems-Orange Assignment" */;
			buildPhases = (
				FA59B2104451B97B7B24C2D6 /* [CP] Check Pods Manifest.lock */,
				F51F79AF2AF403EA00B18F62 /* Sources */,
				F51F79B02AF403EA00B18F62 /* Frameworks */,
				F51F79B12AF403EA00B18F62 /* Resources */,
				BAA591E2B0E86463237E203A /* [CP] Embed Pods Frameworks */,
			);
			buildRules = (
			);
			dependencies = (
			);
			name = "Systems-Orange Assignment";
			productName = "Systems-Orange Assignment";
			productReference = F51F79B32AF403EA00B18F62 /* Systems-Orange Assignment.app */;
			productType = "com.apple.product-type.application";
		};
		F51F79C82AF403EB00B18F62 /* Systems-Orange AssignmentTests */ = {
			isa = PBXNativeTarget;
			buildConfigurationList = F51F79E02AF403EB00B18F62 /* Build configuration list for PBXNativeTarget "Systems-Orange AssignmentTests" */;
			buildPhases = (
				122613AAA1E9CEE00BB274F0 /* [CP] Check Pods Manifest.lock */,
				F51F79C52AF403EB00B18F62 /* Sources */,
				F51F79C62AF403EB00B18F62 /* Frameworks */,
				F51F79C72AF403EB00B18F62 /* Resources */,
			);
			buildRules = (
			);
			dependencies = (
				F51F79CB2AF403EB00B18F62 /* PBXTargetDependency */,
			);
			name = "Systems-Orange AssignmentTests";
			productName = "Systems-Orange AssignmentTests";
			productReference = F51F79C92AF403EB00B18F62 /* Systems-Orange AssignmentTests.xctest */;
			productType = "com.apple.product-type.bundle.unit-test";
		};
		F51F79D22AF403EB00B18F62 /* Systems-Orange AssignmentUITests */ = {
			isa = PBXNativeTarget;
			buildConfigurationList = F51F79E32AF403EB00B18F62 /* Build configuration list for PBXNativeTarget "Systems-Orange AssignmentUITests" */;
			buildPhases = (
				6ECA54E2BD100F477A9D34FF /* [CP] Check Pods Manifest.lock */,
				F51F79CF2AF403EB00B18F62 /* Sources */,
				F51F79D02AF403EB00B18F62 /* Frameworks */,
				F51F79D12AF403EB00B18F62 /* Resources */,
				9130C2C0CA83C809020A6D57 /* [CP] Embed Pods Frameworks */,
			);
			buildRules = (
			);
			dependencies = (
				F51F79D52AF403EB00B18F62 /* PBXTargetDependency */,
			);
			name = "Systems-Orange AssignmentUITests";
			productName = "Systems-Orange AssignmentUITests";
			productReference = F51F79D32AF403EB00B18F62 /* Systems-Orange AssignmentUITests.xctest */;
			productType = "com.apple.product-type.bundle.ui-testing";
		};
/* End PBXNativeTarget section */

/* Begin PBXProject section */
		F51F79AB2AF403EA00B18F62 /* Project object */ = {
			isa = PBXProject;
			attributes = {
				BuildIndependentTargetsInParallel = 1;
				LastSwiftUpdateCheck = 1420;
				LastUpgradeCheck = 1420;
				TargetAttributes = {
					F51F79B22AF403EA00B18F62 = {
						CreatedOnToolsVersion = 14.2;
					};
					F51F79C82AF403EB00B18F62 = {
						CreatedOnToolsVersion = 14.2;
						TestTargetID = F51F79B22AF403EA00B18F62;
					};
					F51F79D22AF403EB00B18F62 = {
						CreatedOnToolsVersion = 14.2;
						TestTargetID = F51F79B22AF403EA00B18F62;
					};
				};
			};
			buildConfigurationList = F51F79AE2AF403EA00B18F62 /* Build configuration list for PBXProject "Systems-Orange Assignment" */;
			compatibilityVersion = "Xcode 14.0";
			developmentRegion = en;
			hasScannedForEncodings = 0;
			knownRegions = (
				en,
				Base,
				ar,
			);
			mainGroup = F51F79AA2AF403EA00B18F62;
			productRefGroup = F51F79B42AF403EA00B18F62 /* Products */;
			projectDirPath = "";
			projectRoot = "";
			targets = (
				F51F79B22AF403EA00B18F62 /* Systems-Orange Assignment */,
				F51F79C82AF403EB00B18F62 /* Systems-Orange AssignmentTests */,
				F51F79D22AF403EB00B18F62 /* Systems-Orange AssignmentUITests */,
			);
		};
/* End PBXProject section */

/* Begin PBXResourcesBuildPhase section */
		F51F79B12AF403EA00B18F62 /* Resources */ = {
			isa = PBXResourcesBuildPhase;
			buildActionMask = 2147483647;
			files = (
				F51F79C32AF403EB00B18F62 /* LaunchScreen.storyboard in Resources */,
				F51F79C02AF403EB00B18F62 /* Assets.xcassets in Resources */,
				F51F7B6B2AF6BE8E00B18F62 /* CustomTextField.xib in Resources */,
				F51F7B5C2AF6B9C300B18F62 /* PageHeaderView.xib in Resources */,
				F51F7B502AF5A1DB00B18F62 /* movies.json in Resources */,
				F51F79BE2AF403EA00B18F62 /* Main.storyboard in Resources */,
				F568E5F22AF7345700D40C88 /* PhotoCell.xib in Resources */,
			);
			runOnlyForDeploymentPostprocessing = 0;
		};
		F51F79C72AF403EB00B18F62 /* Resources */ = {
			isa = PBXResourcesBuildPhase;
			buildActionMask = 2147483647;
			files = (
			);
			runOnlyForDeploymentPostprocessing = 0;
		};
		F51F79D12AF403EB00B18F62 /* Resources */ = {
			isa = PBXResourcesBuildPhase;
			buildActionMask = 2147483647;
			files = (
			);
			runOnlyForDeploymentPostprocessing = 0;
		};
/* End PBXResourcesBuildPhase section */

/* Begin PBXShellScriptBuildPhase section */
		122613AAA1E9CEE00BB274F0 /* [CP] Check Pods Manifest.lock */ = {
			isa = PBXShellScriptBuildPhase;
			buildActionMask = 2147483647;
			files = (
			);
			inputFileListPaths = (
			);
			inputPaths = (
				"${PODS_PODFILE_DIR_PATH}/Podfile.lock",
				"${PODS_ROOT}/Manifest.lock",
			);
			name = "[CP] Check Pods Manifest.lock";
			outputFileListPaths = (
			);
			outputPaths = (
				"$(DERIVED_FILE_DIR)/Pods-Systems-Orange AssignmentTests-checkManifestLockResult.txt",
			);
			runOnlyForDeploymentPostprocessing = 0;
			shellPath = /bin/sh;
			shellScript = "diff \"${PODS_PODFILE_DIR_PATH}/Podfile.lock\" \"${PODS_ROOT}/Manifest.lock\" > /dev/null\nif [ $? != 0 ] ; then\n    # print error to STDERR\n    echo \"error: The sandbox is not in sync with the Podfile.lock. Run 'pod install' or update your CocoaPods installation.\" >&2\n    exit 1\nfi\n# This output is used by Xcode 'outputs' to avoid re-running this script phase.\necho \"SUCCESS\" > \"${SCRIPT_OUTPUT_FILE_0}\"\n";
			showEnvVarsInLog = 0;
		};
		6ECA54E2BD100F477A9D34FF /* [CP] Check Pods Manifest.lock */ = {
			isa = PBXShellScriptBuildPhase;
			buildActionMask = 2147483647;
			files = (
			);
			inputFileListPaths = (
			);
			inputPaths = (
				"${PODS_PODFILE_DIR_PATH}/Podfile.lock",
				"${PODS_ROOT}/Manifest.lock",
			);
			name = "[CP] Check Pods Manifest.lock";
			outputFileListPaths = (
			);
			outputPaths = (
				"$(DERIVED_FILE_DIR)/Pods-Systems-Orange Assignment-Systems-Orange AssignmentUITests-checkManifestLockResult.txt",
			);
			runOnlyForDeploymentPostprocessing = 0;
			shellPath = /bin/sh;
			shellScript = "diff \"${PODS_PODFILE_DIR_PATH}/Podfile.lock\" \"${PODS_ROOT}/Manifest.lock\" > /dev/null\nif [ $? != 0 ] ; then\n    # print error to STDERR\n    echo \"error: The sandbox is not in sync with the Podfile.lock. Run 'pod install' or update your CocoaPods installation.\" >&2\n    exit 1\nfi\n# This output is used by Xcode 'outputs' to avoid re-running this script phase.\necho \"SUCCESS\" > \"${SCRIPT_OUTPUT_FILE_0}\"\n";
			showEnvVarsInLog = 0;
		};
		9130C2C0CA83C809020A6D57 /* [CP] Embed Pods Frameworks */ = {
			isa = PBXShellScriptBuildPhase;
			buildActionMask = 2147483647;
			files = (
			);
			inputFileListPaths = (
				"${PODS_ROOT}/Target Support Files/Pods-Systems-Orange Assignment-Systems-Orange AssignmentUITests/Pods-Systems-Orange Assignment-Systems-Orange AssignmentUITests-frameworks-${CONFIGURATION}-input-files.xcfilelist",
			);
			name = "[CP] Embed Pods Frameworks";
			outputFileListPaths = (
				"${PODS_ROOT}/Target Support Files/Pods-Systems-Orange Assignment-Systems-Orange AssignmentUITests/Pods-Systems-Orange Assignment-Systems-Orange AssignmentUITests-frameworks-${CONFIGURATION}-output-files.xcfilelist",
			);
			runOnlyForDeploymentPostprocessing = 0;
			shellPath = /bin/sh;
			shellScript = "\"${PODS_ROOT}/Target Support Files/Pods-Systems-Orange Assignment-Systems-Orange AssignmentUITests/Pods-Systems-Orange Assignment-Systems-Orange AssignmentUITests-frameworks.sh\"\n";
			showEnvVarsInLog = 0;
		};
		BAA591E2B0E86463237E203A /* [CP] Embed Pods Frameworks */ = {
			isa = PBXShellScriptBuildPhase;
			buildActionMask = 2147483647;
			files = (
			);
			inputFileListPaths = (
				"${PODS_ROOT}/Target Support Files/Pods-Systems-Orange Assignment/Pods-Systems-Orange Assignment-frameworks-${CONFIGURATION}-input-files.xcfilelist",
			);
			name = "[CP] Embed Pods Frameworks";
			outputFileListPaths = (
				"${PODS_ROOT}/Target Support Files/Pods-Systems-Orange Assignment/Pods-Systems-Orange Assignment-frameworks-${CONFIGURATION}-output-files.xcfilelist",
			);
			runOnlyForDeploymentPostprocessing = 0;
			shellPath = /bin/sh;
			shellScript = "\"${PODS_ROOT}/Target Support Files/Pods-Systems-Orange Assignment/Pods-Systems-Orange Assignment-frameworks.sh\"\n";
			showEnvVarsInLog = 0;
		};
		FA59B2104451B97B7B24C2D6 /* [CP] Check Pods Manifest.lock */ = {
			isa = PBXShellScriptBuildPhase;
			buildActionMask = 2147483647;
			files = (
			);
			inputFileListPaths = (
			);
			inputPaths = (
				"${PODS_PODFILE_DIR_PATH}/Podfile.lock",
				"${PODS_ROOT}/Manifest.lock",
			);
			name = "[CP] Check Pods Manifest.lock";
			outputFileListPaths = (
			);
			outputPaths = (
				"$(DERIVED_FILE_DIR)/Pods-Systems-Orange Assignment-checkManifestLockResult.txt",
			);
			runOnlyForDeploymentPostprocessing = 0;
			shellPath = /bin/sh;
			shellScript = "diff \"${PODS_PODFILE_DIR_PATH}/Podfile.lock\" \"${PODS_ROOT}/Manifest.lock\" > /dev/null\nif [ $? != 0 ] ; then\n    # print error to STDERR\n    echo \"error: The sandbox is not in sync with the Podfile.lock. Run 'pod install' or update your CocoaPods installation.\" >&2\n    exit 1\nfi\n# This output is used by Xcode 'outputs' to avoid re-running this script phase.\necho \"SUCCESS\" > \"${SCRIPT_OUTPUT_FILE_0}\"\n";
			showEnvVarsInLog = 0;
		};
/* End PBXShellScriptBuildPhase section */

/* Begin PBXSourcesBuildPhase section */
		F51F79AF2AF403EA00B18F62 /* Sources */ = {
			isa = PBXSourcesBuildPhase;
			buildActionMask = 2147483647;
			files = (
				F51F79F82AF48A8700B18F62 /* MoviesListInterfaces.swift in Sources */,
				F51F79BB2AF403EA00B18F62 /* MoviesListViewController.swift in Sources */,
				F51F7A062AF523C200B18F62 /* MoviesLocalDataManager.swift in Sources */,
				F51F7B092AF545C600B18F62 /* SwiftMessageBridge.swift in Sources */,
				F51F7AA22AF5253900B18F62 /* AppAlert.swift in Sources */,
				F51F7B602AF6BCC800B18F62 /* UIView+AddTapGesture.swift in Sources */,
				F51F7B7B2AF6DCC600B18F62 /* MoviesPhotosResponse.swift in Sources */,
				F51F7B792AF6D16800B18F62 /* MovieDetailsInterfaces.swift in Sources */,
				F51F7B6A2AF6BE8E00B18F62 /* CustomTextField.swift in Sources */,
				F51F7B2D2AF546C300B18F62 /* Empty.swift in Sources */,
				F51F7B522AF66ECB00B18F62 /* MovieModel.swift in Sources */,
				F51F7AA32AF5253900B18F62 /* CustomPullForScroll.swift in Sources */,
				F51F7B2C2AF546C300B18F62 /* AlmofireRequest.swift in Sources */,
				F51F7B332AF546C300B18F62 /* NetworkError.swift in Sources */,
				F51F7B762AF6D16800B18F62 /* MovieDetailsViewController.swift in Sources */,
				F51F7ABE2AF5253900B18F62 /* AppGlobalStrings.swift in Sources */,
				F51F7B772AF6D16800B18F62 /* MovieDetailsPresenter.swift in Sources */,
				F51F7A0E2AF524BD00B18F62 /* MoviesListRouter.swift in Sources */,
				F51F7B7E2AF6DDF000B18F62 /* GetPhotoRequest.swift in Sources */,
				F51F7A082AF523E100B18F62 /* MoviesRemoteRepo.swift in Sources */,
				F51F7B782AF6D16800B18F62 /* MovieDetailsRouter.swift in Sources */,
				F51F7B452AF5599A00B18F62 /* RError.swift in Sources */,
				F51F7B392AF546C300B18F62 /* Data+Converter.swift in Sources */,
				F51F7AAF2AF5253900B18F62 /* IQKeyboardBridge.swift in Sources */,
				F51F7B8F2AF70AD800B18F62 /* String+ArabicNum.swift in Sources */,
				F51F7A0A2AF5244000B18F62 /* MoviesRemoteDataManager.swift in Sources */,
				F51F7B352AF546C300B18F62 /* AlmofireResponse.swift in Sources */,
				F51F7ABF2AF5253900B18F62 /* AppLoading.swift in Sources */,
				F51F7B3E2AF54FA900B18F62 /* MoviesListPresenter.swift in Sources */,
				F51F7A042AF523B300B18F62 /* MoviesLocalRepo.swift in Sources */,
				F51F7B382AF546C300B18F62 /* URL+QueryItem.swift in Sources */,
				F51F7AAA2AF5253900B18F62 /* KingfisherBridge.swift in Sources */,
				F51F7B422AF5582700B18F62 /* MoviesInOut.swift in Sources */,
				F51F79B72AF403EA00B18F62 /* AppDelegate.swift in Sources */,
				F51F7B5D2AF6B9C300B18F62 /* PageHeaderView.swift in Sources */,
				F51F7B342AF546C300B18F62 /* DictinaryPathValue.swift in Sources */,
				F51F7B322AF546C300B18F62 /* RequestType.swift in Sources */,
				F51F7B752AF6D16800B18F62 /* MovieDetailstInteractor.swift in Sources */,
				F51F7B8A2AF7042C00B18F62 /* ApiConstants.swift in Sources */,
				F51F7B882AF6FE9500B18F62 /* UICollectionView+FitHeght.swift in Sources */,
				F51F7B862AF6FC3300B18F62 /* UIViewImage+SetImage.swift in Sources */,
				F568E5F62AF7A37000D40C88 /* MovieViewModel.swift in Sources */,
				F51F7B3A2AF546C300B18F62 /* NetworkAdministration.swift in Sources */,
				F51F7AB72AF5253900B18F62 /* ESBridge.swift in Sources */,
				F51F7A0C2AF5247A00B18F62 /* MoviesListInteractor.swift in Sources */,
				F51F7B912AF70C2F00B18F62 /* ImageUrlConstructor.swift in Sources */,
				F51F7AAC2AF5253900B18F62 /* ProgressHudBridge.swift in Sources */,
				F568E5F12AF7345700D40C88 /* PhotoCell.swift in Sources */,
				F51F7B4B2AF5919C00B18F62 /* BasePresenter.swift in Sources */,
				F51F7B302AF546C300B18F62 /* RequestMethod.swift in Sources */,
				F51F7B6D2AF6C47F00B18F62 /* UIView+Borders.swift in Sources */,
				F51F7B542AF6B86600B18F62 /* CategoryModel.swift in Sources */,
				F51F7B4C2AF5919C00B18F62 /* BaseViewProtocol.swift in Sources */,
				F51F7ADF2AF5431300B18F62 /* URLs.swift in Sources */,
			);
			runOnlyForDeploymentPostprocessing = 0;
		};
		F51F79C52AF403EB00B18F62 /* Sources */ = {
			isa = PBXSourcesBuildPhase;
			buildActionMask = 2147483647;
			files = (
				F51F79CE2AF403EB00B18F62 /* Systems_Orange_AssignmentTests.swift in Sources */,
			);
			runOnlyForDeploymentPostprocessing = 0;
		};
		F51F79CF2AF403EB00B18F62 /* Sources */ = {
			isa = PBXSourcesBuildPhase;
			buildActionMask = 2147483647;
			files = (
				F51F79DA2AF403EB00B18F62 /* Systems_Orange_AssignmentUITestsLaunchTests.swift in Sources */,
				F51F79D82AF403EB00B18F62 /* Systems_Orange_AssignmentUITests.swift in Sources */,
			);
			runOnlyForDeploymentPostprocessing = 0;
		};
/* End PBXSourcesBuildPhase section */

/* Begin PBXTargetDependency section */
		F51F79CB2AF403EB00B18F62 /* PBXTargetDependency */ = {
			isa = PBXTargetDependency;
			target = F51F79B22AF403EA00B18F62 /* Systems-Orange Assignment */;
			targetProxy = F51F79CA2AF403EB00B18F62 /* PBXContainerItemProxy */;
		};
		F51F79D52AF403EB00B18F62 /* PBXTargetDependency */ = {
			isa = PBXTargetDependency;
			target = F51F79B22AF403EA00B18F62 /* Systems-Orange Assignment */;
			targetProxy = F51F79D42AF403EB00B18F62 /* PBXContainerItemProxy */;
		};
/* End PBXTargetDependency section */

/* Begin PBXVariantGroup section */
		F51F79BC2AF403EA00B18F62 /* Main.storyboard */ = {
			isa = PBXVariantGroup;
			children = (
				F51F79BD2AF403EA00B18F62 /* Base */,
			);
			name = Main.storyboard;
			sourceTree = "<group>";
		};
		F51F79C12AF403EB00B18F62 /* LaunchScreen.storyboard */ = {
			isa = PBXVariantGroup;
			children = (
				F51F79C22AF403EB00B18F62 /* Base */,
			);
			name = LaunchScreen.storyboard;
			sourceTree = "<group>";
		};
		F51F7B582AF6B9C300B18F62 /* PageHeaderView.xib */ = {
			isa = PBXVariantGroup;
			children = (
				F51F7B592AF6B9C300B18F62 /* Base */,
			);
			name = PageHeaderView.xib;
			sourceTree = "<group>";
		};
/* End PBXVariantGroup section */

/* Begin XCBuildConfiguration section */
		F51F79DB2AF403EB00B18F62 /* Debug */ = {
			isa = XCBuildConfiguration;
			buildSettings = {
				ALWAYS_SEARCH_USER_PATHS = NO;
				CLANG_ANALYZER_NONNULL = YES;
				CLANG_ANALYZER_NUMBER_OBJECT_CONVERSION = YES_AGGRESSIVE;
				CLANG_CXX_LANGUAGE_STANDARD = "gnu++20";
				CLANG_ENABLE_MODULES = YES;
				CLANG_ENABLE_OBJC_ARC = YES;
				CLANG_ENABLE_OBJC_WEAK = YES;
				CLANG_WARN_BLOCK_CAPTURE_AUTORELEASING = YES;
				CLANG_WARN_BOOL_CONVERSION = YES;
				CLANG_WARN_COMMA = YES;
				CLANG_WARN_CONSTANT_CONVERSION = YES;
				CLANG_WARN_DEPRECATED_OBJC_IMPLEMENTATIONS = YES;
				CLANG_WARN_DIRECT_OBJC_ISA_USAGE = YES_ERROR;
				CLANG_WARN_DOCUMENTATION_COMMENTS = YES;
				CLANG_WARN_EMPTY_BODY = YES;
				CLANG_WARN_ENUM_CONVERSION = YES;
				CLANG_WARN_INFINITE_RECURSION = YES;
				CLANG_WARN_INT_CONVERSION = YES;
				CLANG_WARN_NON_LITERAL_NULL_CONVERSION = YES;
				CLANG_WARN_OBJC_IMPLICIT_RETAIN_SELF = YES;
				CLANG_WARN_OBJC_LITERAL_CONVERSION = YES;
				CLANG_WARN_OBJC_ROOT_CLASS = YES_ERROR;
				CLANG_WARN_QUOTED_INCLUDE_IN_FRAMEWORK_HEADER = YES;
				CLANG_WARN_RANGE_LOOP_ANALYSIS = YES;
				CLANG_WARN_STRICT_PROTOTYPES = YES;
				CLANG_WARN_SUSPICIOUS_MOVE = YES;
				CLANG_WARN_UNGUARDED_AVAILABILITY = YES_AGGRESSIVE;
				CLANG_WARN_UNREACHABLE_CODE = YES;
				CLANG_WARN__DUPLICATE_METHOD_MATCH = YES;
				COPY_PHASE_STRIP = NO;
				DEBUG_INFORMATION_FORMAT = dwarf;
				ENABLE_STRICT_OBJC_MSGSEND = YES;
				ENABLE_TESTABILITY = YES;
				GCC_C_LANGUAGE_STANDARD = gnu11;
				GCC_DYNAMIC_NO_PIC = NO;
				GCC_NO_COMMON_BLOCKS = YES;
				GCC_OPTIMIZATION_LEVEL = 0;
				GCC_PREPROCESSOR_DEFINITIONS = (
					"DEBUG=1",
					"$(inherited)",
				);
				GCC_WARN_64_TO_32_BIT_CONVERSION = YES;
				GCC_WARN_ABOUT_RETURN_TYPE = YES_ERROR;
				GCC_WARN_UNDECLARED_SELECTOR = YES;
				GCC_WARN_UNINITIALIZED_AUTOS = YES_AGGRESSIVE;
				GCC_WARN_UNUSED_FUNCTION = YES;
				GCC_WARN_UNUSED_VARIABLE = YES;
				IPHONEOS_DEPLOYMENT_TARGET = 16.2;
				MTL_ENABLE_DEBUG_INFO = INCLUDE_SOURCE;
				MTL_FAST_MATH = YES;
				ONLY_ACTIVE_ARCH = YES;
				SDKROOT = iphoneos;
				SWIFT_ACTIVE_COMPILATION_CONDITIONS = DEBUG;
				SWIFT_OPTIMIZATION_LEVEL = "-Onone";
			};
			name = Debug;
		};
		F51F79DC2AF403EB00B18F62 /* Release */ = {
			isa = XCBuildConfiguration;
			buildSettings = {
				ALWAYS_SEARCH_USER_PATHS = NO;
				CLANG_ANALYZER_NONNULL = YES;
				CLANG_ANALYZER_NUMBER_OBJECT_CONVERSION = YES_AGGRESSIVE;
				CLANG_CXX_LANGUAGE_STANDARD = "gnu++20";
				CLANG_ENABLE_MODULES = YES;
				CLANG_ENABLE_OBJC_ARC = YES;
				CLANG_ENABLE_OBJC_WEAK = YES;
				CLANG_WARN_BLOCK_CAPTURE_AUTORELEASING = YES;
				CLANG_WARN_BOOL_CONVERSION = YES;
				CLANG_WARN_COMMA = YES;
				CLANG_WARN_CONSTANT_CONVERSION = YES;
				CLANG_WARN_DEPRECATED_OBJC_IMPLEMENTATIONS = YES;
				CLANG_WARN_DIRECT_OBJC_ISA_USAGE = YES_ERROR;
				CLANG_WARN_DOCUMENTATION_COMMENTS = YES;
				CLANG_WARN_EMPTY_BODY = YES;
				CLANG_WARN_ENUM_CONVERSION = YES;
				CLANG_WARN_INFINITE_RECURSION = YES;
				CLANG_WARN_INT_CONVERSION = YES;
				CLANG_WARN_NON_LITERAL_NULL_CONVERSION = YES;
				CLANG_WARN_OBJC_IMPLICIT_RETAIN_SELF = YES;
				CLANG_WARN_OBJC_LITERAL_CONVERSION = YES;
				CLANG_WARN_OBJC_ROOT_CLASS = YES_ERROR;
				CLANG_WARN_QUOTED_INCLUDE_IN_FRAMEWORK_HEADER = YES;
				CLANG_WARN_RANGE_LOOP_ANALYSIS = YES;
				CLANG_WARN_STRICT_PROTOTYPES = YES;
				CLANG_WARN_SUSPICIOUS_MOVE = YES;
				CLANG_WARN_UNGUARDED_AVAILABILITY = YES_AGGRESSIVE;
				CLANG_WARN_UNREACHABLE_CODE = YES;
				CLANG_WARN__DUPLICATE_METHOD_MATCH = YES;
				COPY_PHASE_STRIP = NO;
				DEBUG_INFORMATION_FORMAT = "dwarf-with-dsym";
				ENABLE_NS_ASSERTIONS = NO;
				ENABLE_STRICT_OBJC_MSGSEND = YES;
				GCC_C_LANGUAGE_STANDARD = gnu11;
				GCC_NO_COMMON_BLOCKS = YES;
				GCC_WARN_64_TO_32_BIT_CONVERSION = YES;
				GCC_WARN_ABOUT_RETURN_TYPE = YES_ERROR;
				GCC_WARN_UNDECLARED_SELECTOR = YES;
				GCC_WARN_UNINITIALIZED_AUTOS = YES_AGGRESSIVE;
				GCC_WARN_UNUSED_FUNCTION = YES;
				GCC_WARN_UNUSED_VARIABLE = YES;
				IPHONEOS_DEPLOYMENT_TARGET = 16.2;
				MTL_ENABLE_DEBUG_INFO = NO;
				MTL_FAST_MATH = YES;
				SDKROOT = iphoneos;
				SWIFT_COMPILATION_MODE = wholemodule;
				SWIFT_OPTIMIZATION_LEVEL = "-O";
				VALIDATE_PRODUCT = YES;
			};
			name = Release;
		};
		F51F79DE2AF403EB00B18F62 /* Debug */ = {
			isa = XCBuildConfiguration;
			baseConfigurationReference = 8886E2DFCCB6E6A1D8465CBE /* Pods-Systems-Orange Assignment.debug.xcconfig */;
			buildSettings = {
				ASSETCATALOG_COMPILER_APPICON_NAME = AppIcon;
				ASSETCATALOG_COMPILER_GLOBAL_ACCENT_COLOR_NAME = AccentColor;
				CODE_SIGN_STYLE = Automatic;
				CURRENT_PROJECT_VERSION = 1;
				DEVELOPMENT_TEAM = AVA373VAKG;
				GENERATE_INFOPLIST_FILE = YES;
				INFOPLIST_FILE = "Systems-Orange Assignment/Info.plist";
				INFOPLIST_KEY_UIApplicationSupportsIndirectInputEvents = YES;
				INFOPLIST_KEY_UILaunchStoryboardName = LaunchScreen;
				INFOPLIST_KEY_UIMainStoryboardFile = Main;
				INFOPLIST_KEY_UISupportedInterfaceOrientations_iPad = "UIInterfaceOrientationPortrait UIInterfaceOrientationPortraitUpsideDown UIInterfaceOrientationLandscapeLeft UIInterfaceOrientationLandscapeRight";
				INFOPLIST_KEY_UISupportedInterfaceOrientations_iPhone = "UIInterfaceOrientationPortrait UIInterfaceOrientationLandscapeLeft UIInterfaceOrientationLandscapeRight";
				LD_RUNPATH_SEARCH_PATHS = (
					"$(inherited)",
					"@executable_path/Frameworks",
				);
				MARKETING_VERSION = 1.0;
				PRODUCT_BUNDLE_IDENTIFIER = "com.refaey.Systems-Orange-Assignment";
				PRODUCT_NAME = "$(TARGET_NAME)";
				SWIFT_EMIT_LOC_STRINGS = YES;
				SWIFT_VERSION = 5.0;
				TARGETED_DEVICE_FAMILY = "1,2";
			};
			name = Debug;
		};
		F51F79DF2AF403EB00B18F62 /* Release */ = {
			isa = XCBuildConfiguration;
			baseConfigurationReference = 1FCA2D1D7F5B5C1458E4B8BD /* Pods-Systems-Orange Assignment.release.xcconfig */;
			buildSettings = {
				ASSETCATALOG_COMPILER_APPICON_NAME = AppIcon;
				ASSETCATALOG_COMPILER_GLOBAL_ACCENT_COLOR_NAME = AccentColor;
				CODE_SIGN_STYLE = Automatic;
				CURRENT_PROJECT_VERSION = 1;
				DEVELOPMENT_TEAM = AVA373VAKG;
				GENERATE_INFOPLIST_FILE = YES;
				INFOPLIST_FILE = "Systems-Orange Assignment/Info.plist";
				INFOPLIST_KEY_UIApplicationSupportsIndirectInputEvents = YES;
				INFOPLIST_KEY_UILaunchStoryboardName = LaunchScreen;
				INFOPLIST_KEY_UIMainStoryboardFile = Main;
				INFOPLIST_KEY_UISupportedInterfaceOrientations_iPad = "UIInterfaceOrientationPortrait UIInterfaceOrientationPortraitUpsideDown UIInterfaceOrientationLandscapeLeft UIInterfaceOrientationLandscapeRight";
				INFOPLIST_KEY_UISupportedInterfaceOrientations_iPhone = "UIInterfaceOrientationPortrait UIInterfaceOrientationLandscapeLeft UIInterfaceOrientationLandscapeRight";
				LD_RUNPATH_SEARCH_PATHS = (
					"$(inherited)",
					"@executable_path/Frameworks",
				);
				MARKETING_VERSION = 1.0;
				PRODUCT_BUNDLE_IDENTIFIER = "com.refaey.Systems-Orange-Assignment";
				PRODUCT_NAME = "$(TARGET_NAME)";
				SWIFT_EMIT_LOC_STRINGS = YES;
				SWIFT_VERSION = 5.0;
				TARGETED_DEVICE_FAMILY = "1,2";
			};
			name = Release;
		};
		F51F79E12AF403EB00B18F62 /* Debug */ = {
			isa = XCBuildConfiguration;
			baseConfigurationReference = 5DE2483991035EA06A370D49 /* Pods-Systems-Orange AssignmentTests.debug.xcconfig */;
			buildSettings = {
				ALWAYS_EMBED_SWIFT_STANDARD_LIBRARIES = YES;
				BUNDLE_LOADER = "$(TEST_HOST)";
				CODE_SIGN_STYLE = Automatic;
				CURRENT_PROJECT_VERSION = 1;
				DEVELOPMENT_TEAM = AVA373VAKG;
				GENERATE_INFOPLIST_FILE = YES;
				IPHONEOS_DEPLOYMENT_TARGET = 16.2;
				MARKETING_VERSION = 1.0;
				PRODUCT_BUNDLE_IDENTIFIER = "com.refaey.Systems-Orange-AssignmentTests";
				PRODUCT_NAME = "$(TARGET_NAME)";
				SWIFT_EMIT_LOC_STRINGS = NO;
				SWIFT_VERSION = 5.0;
				TARGETED_DEVICE_FAMILY = "1,2";
				TEST_HOST = "$(BUILT_PRODUCTS_DIR)/Systems-Orange Assignment.app/$(BUNDLE_EXECUTABLE_FOLDER_PATH)/Systems-Orange Assignment";
			};
			name = Debug;
		};
		F51F79E22AF403EB00B18F62 /* Release */ = {
			isa = XCBuildConfiguration;
			baseConfigurationReference = B36E9359CC04766A5973B17F /* Pods-Systems-Orange AssignmentTests.release.xcconfig */;
			buildSettings = {
				ALWAYS_EMBED_SWIFT_STANDARD_LIBRARIES = YES;
				BUNDLE_LOADER = "$(TEST_HOST)";
				CODE_SIGN_STYLE = Automatic;
				CURRENT_PROJECT_VERSION = 1;
				DEVELOPMENT_TEAM = AVA373VAKG;
				GENERATE_INFOPLIST_FILE = YES;
				IPHONEOS_DEPLOYMENT_TARGET = 16.2;
				MARKETING_VERSION = 1.0;
				PRODUCT_BUNDLE_IDENTIFIER = "com.refaey.Systems-Orange-AssignmentTests";
				PRODUCT_NAME = "$(TARGET_NAME)";
				SWIFT_EMIT_LOC_STRINGS = NO;
				SWIFT_VERSION = 5.0;
				TARGETED_DEVICE_FAMILY = "1,2";
				TEST_HOST = "$(BUILT_PRODUCTS_DIR)/Systems-Orange Assignment.app/$(BUNDLE_EXECUTABLE_FOLDER_PATH)/Systems-Orange Assignment";
			};
			name = Release;
		};
		F51F79E42AF403EB00B18F62 /* Debug */ = {
			isa = XCBuildConfiguration;
			baseConfigurationReference = 5DE159EC1D48A15682021447 /* Pods-Systems-Orange Assignment-Systems-Orange AssignmentUITests.debug.xcconfig */;
			buildSettings = {
				ALWAYS_EMBED_SWIFT_STANDARD_LIBRARIES = YES;
				CODE_SIGN_STYLE = Automatic;
				CURRENT_PROJECT_VERSION = 1;
				DEVELOPMENT_TEAM = AVA373VAKG;
				GENERATE_INFOPLIST_FILE = YES;
				MARKETING_VERSION = 1.0;
				PRODUCT_BUNDLE_IDENTIFIER = "com.refaey.Systems-Orange-AssignmentUITests";
				PRODUCT_NAME = "$(TARGET_NAME)";
				SWIFT_EMIT_LOC_STRINGS = NO;
				SWIFT_VERSION = 5.0;
				TARGETED_DEVICE_FAMILY = "1,2";
				TEST_TARGET_NAME = "Systems-Orange Assignment";
			};
			name = Debug;
		};
		F51F79E52AF403EB00B18F62 /* Release */ = {
			isa = XCBuildConfiguration;
			baseConfigurationReference = 217EED648979DEB39B74F9C9 /* Pods-Systems-Orange Assignment-Systems-Orange AssignmentUITests.release.xcconfig */;
			buildSettings = {
				ALWAYS_EMBED_SWIFT_STANDARD_LIBRARIES = YES;
				CODE_SIGN_STYLE = Automatic;
				CURRENT_PROJECT_VERSION = 1;
				DEVELOPMENT_TEAM = AVA373VAKG;
				GENERATE_INFOPLIST_FILE = YES;
				MARKETING_VERSION = 1.0;
				PRODUCT_BUNDLE_IDENTIFIER = "com.refaey.Systems-Orange-AssignmentUITests";
				PRODUCT_NAME = "$(TARGET_NAME)";
				SWIFT_EMIT_LOC_STRINGS = NO;
				SWIFT_VERSION = 5.0;
				TARGETED_DEVICE_FAMILY = "1,2";
				TEST_TARGET_NAME = "Systems-Orange Assignment";
			};
			name = Release;
		};
/* End XCBuildConfiguration section */

/* Begin XCConfigurationList section */
		F51F79AE2AF403EA00B18F62 /* Build configuration list for PBXProject "Systems-Orange Assignment" */ = {
			isa = XCConfigurationList;
			buildConfigurations = (
				F51F79DB2AF403EB00B18F62 /* Debug */,
				F51F79DC2AF403EB00B18F62 /* Release */,
			);
			defaultConfigurationIsVisible = 0;
			defaultConfigurationName = Release;
		};
		F51F79DD2AF403EB00B18F62 /* Build configuration list for PBXNativeTarget "Systems-Orange Assignment" */ = {
			isa = XCConfigurationList;
			buildConfigurations = (
				F51F79DE2AF403EB00B18F62 /* Debug */,
				F51F79DF2AF403EB00B18F62 /* Release */,
			);
			defaultConfigurationIsVisible = 0;
			defaultConfigurationName = Release;
		};
		F51F79E02AF403EB00B18F62 /* Build configuration list for PBXNativeTarget "Systems-Orange AssignmentTests" */ = {
			isa = XCConfigurationList;
			buildConfigurations = (
				F51F79E12AF403EB00B18F62 /* Debug */,
				F51F79E22AF403EB00B18F62 /* Release */,
			);
			defaultConfigurationIsVisible = 0;
			defaultConfigurationName = Release;
		};
		F51F79E32AF403EB00B18F62 /* Build configuration list for PBXNativeTarget "Systems-Orange AssignmentUITests" */ = {
			isa = XCConfigurationList;
			buildConfigurations = (
				F51F79E42AF403EB00B18F62 /* Debug */,
				F51F79E52AF403EB00B18F62 /* Release */,
			);
			defaultConfigurationIsVisible = 0;
			defaultConfigurationName = Release;
		};
/* End XCConfigurationList section */
	};
	rootObject = F51F79AB2AF403EA00B18F62 /* Project object */;
}
