PODS:
  - ESPullToRefresh (2.9.3)
  - IQKeyboardManager (6.5.12)
  - Kingfisher (4.10.1)
  - ProgressHUD (13.7.2)
  - SwiftMessages (9.0.6):
    - SwiftMessages/App (= 9.0.6)
  - SwiftMessages/App (9.0.6)

DEPENDENCIES:
  - ESPullToRefresh
  - IQKeyboardManager
  - Kingfisher (~> 4.0)
  - ProgressHUD
  - SwiftMessages

SPEC REPOS:
  trunk:
    - ESPullToRefresh
    - IQKeyboardManager
    - Kingfisher
    - ProgressHUD
    - SwiftMessages

SPEC CHECKSUMS:
  ESPullToRefresh: 0d68daa602b343c81753a1b95e09fd0bfcddfd40
  IQKeyboardManager: b1fd66ccf7a79095bdcc4a2735231586f744216e
  Kingfisher: c148cd7b47ebde9989f6bc7c27dcaa79d81279a0
  ProgressHUD: 093d24ca970f191744017bee2649e37d0cd1c5b9
  SwiftMessages: f0c7ef4705a570ad6c5e208b611f4333e660ed92

PODFILE CHECKSUM: bda4b7d37ae811b34a20bcac8951317f95e33db2

COCOAPODS: 1.14.3
